{
  "requires": true,
  "lockfileVersion": 1,
  "dependencies": {
    "cosmjs-types": {
      "version": "0.9.0",
      "resolved": "https://registry.npmjs.org/cosmjs-types/-/cosmjs-types-0.9.0.tgz",
      "integrity": "sha512-MN/yUe6mkJwHnCFfsNPeCfXVhyxHYW6c/xDUzrSbBycYzw++XvWDMJArXp2pLdgD6FQ8DW79vkPjeNKVrXaHeQ=="
    }
  }
}
